
Microsoft Visual Studio Solution File, Format Version 12.00
# Visual Studio Version 17
VisualStudioVersion = 17.8.34408.163
MinimumVisualStudioVersion = 10.0.40219.1
Project("{9A19103F-16F7-4668-BE54-9A1E7A4F7556}") = "ShoesApp.Core", "ShoesApp.Core\ShoesApp.Core.csproj", "{1CB1DFC8-0FD4-41C7-B2B2-2F4694A0A768}"
EndProject
Project("{9A19103F-16F7-4668-BE54-9A1E7A4F7556}") = "ShoesApp.Intefaces", "ShoesApp.Intefaces\ShoesApp.Intefaces.csproj", "{5CD3FBF3-C332-4BE0-BD9D-AE90C883462E}"
EndProject
Project("{9A19103F-16F7-4668-BE54-9A1E7A4F7556}") = "ShoesApp.DAOMock1", "ShoesApp.DAOMock1\ShoesApp.DAOMock1.csproj", "{544A1E77-A465-41B8-80E0-1803F9D2173A}"
EndProject
Project("{9A19103F-16F7-4668-BE54-9A1E7A4F7556}") = "ShoesApp.BLC", "ShoesApp.BLC\ShoesApp.BLC.csproj", "{CBA50EA9-D161-4C88-A547-80E0FF274B4B}"
EndProject
Project("{9A19103F-16F7-4668-BE54-9A1E7A4F7556}") = "ShoesApp", "ShoesApp\ShoesApp.csproj", "{3BDB46AB-37FA-4F49-A5A6-780EBAE77EA0}"
EndProject
Project("{9A19103F-16F7-4668-BE54-9A1E7A4F7556}") = "ShoesApp.DAOSQL", "ShoesApp.DAOSQL\ShoesApp.DAOSQL.csproj", "{0D42C01A-7252-477D-AB50-50AC097B4F77}"
EndProject
Project("{9A19103F-16F7-4668-BE54-9A1E7A4F7556}") = "ShoesApp.Web", "ShoesApp.Web\ShoesApp.Web.csproj", "{3BFD6EA9-F7FE-458B-9B0C-40754D2B6CB0}"
EndProject
Project("{9A19103F-16F7-4668-BE54-9A1E7A4F7556}") = "ShoesApp.MAUI", "ShoesApp.MAUI\ShoesApp.MAUI.csproj", "{994A42CF-32F2-4A84-9AE7-44EA33AC7FB6}"
EndProject
Project("{FAE04EC0-301F-11D3-BF4B-00C04F79EFBC}") = "ShoesApp.DAOSQL1", "ShoesApp.DAOSQL1\ShoesApp.DAOSQL1.csproj", "{49050DFE-64E7-4990-8D0C-9C938453D177}"
EndProject
Global
	GlobalSection(SolutionConfigurationPlatforms) = preSolution
		Debug|Any CPU = Debug|Any CPU
		Debug|x64 = Debug|x64
		Debug|x86 = Debug|x86
		Release|Any CPU = Release|Any CPU
		Release|x64 = Release|x64
		Release|x86 = Release|x86
	EndGlobalSection
	GlobalSection(ProjectConfigurationPlatforms) = postSolution
		{1CB1DFC8-0FD4-41C7-B2B2-2F4694A0A768}.Debug|Any CPU.ActiveCfg = Debug|Any CPU
		{1CB1DFC8-0FD4-41C7-B2B2-2F4694A0A768}.Debug|Any CPU.Build.0 = Debug|Any CPU
		{1CB1DFC8-0FD4-41C7-B2B2-2F4694A0A768}.Debug|x64.ActiveCfg = Debug|Any CPU
		{1CB1DFC8-0FD4-41C7-B2B2-2F4694A0A768}.Debug|x64.Build.0 = Debug|Any CPU
		{1CB1DFC8-0FD4-41C7-B2B2-2F4694A0A768}.Debug|x86.ActiveCfg = Debug|Any CPU
		{1CB1DFC8-0FD4-41C7-B2B2-2F4694A0A768}.Debug|x86.Build.0 = Debug|Any CPU
		{1CB1DFC8-0FD4-41C7-B2B2-2F4694A0A768}.Release|Any CPU.ActiveCfg = Release|Any CPU
		{1CB1DFC8-0FD4-41C7-B2B2-2F4694A0A768}.Release|Any CPU.Build.0 = Release|Any CPU
		{1CB1DFC8-0FD4-41C7-B2B2-2F4694A0A768}.Release|x64.ActiveCfg = Release|Any CPU
		{1CB1DFC8-0FD4-41C7-B2B2-2F4694A0A768}.Release|x64.Build.0 = Release|Any CPU
		{1CB1DFC8-0FD4-41C7-B2B2-2F4694A0A768}.Release|x86.ActiveCfg = Release|Any CPU
		{1CB1DFC8-0FD4-41C7-B2B2-2F4694A0A768}.Release|x86.Build.0 = Release|Any CPU
		{5CD3FBF3-C332-4BE0-BD9D-AE90C883462E}.Debug|Any CPU.ActiveCfg = Debug|Any CPU
		{5CD3FBF3-C332-4BE0-BD9D-AE90C883462E}.Debug|Any CPU.Build.0 = Debug|Any CPU
		{5CD3FBF3-C332-4BE0-BD9D-AE90C883462E}.Debug|x64.ActiveCfg = Debug|Any CPU
		{5CD3FBF3-C332-4BE0-BD9D-AE90C883462E}.Debug|x64.Build.0 = Debug|Any CPU
		{5CD3FBF3-C332-4BE0-BD9D-AE90C883462E}.Debug|x86.ActiveCfg = Debug|Any CPU
		{5CD3FBF3-C332-4BE0-BD9D-AE90C883462E}.Debug|x86.Build.0 = Debug|Any CPU
		{5CD3FBF3-C332-4BE0-BD9D-AE90C883462E}.Release|Any CPU.ActiveCfg = Release|Any CPU
		{5CD3FBF3-C332-4BE0-BD9D-AE90C883462E}.Release|Any CPU.Build.0 = Release|Any CPU
		{5CD3FBF3-C332-4BE0-BD9D-AE90C883462E}.Release|x64.ActiveCfg = Release|Any CPU
		{5CD3FBF3-C332-4BE0-BD9D-AE90C883462E}.Release|x64.Build.0 = Release|Any CPU
		{5CD3FBF3-C332-4BE0-BD9D-AE90C883462E}.Release|x86.ActiveCfg = Release|Any CPU
		{5CD3FBF3-C332-4BE0-BD9D-AE90C883462E}.Release|x86.Build.0 = Release|Any CPU
		{544A1E77-A465-41B8-80E0-1803F9D2173A}.Debug|Any CPU.ActiveCfg = Debug|Any CPU
		{544A1E77-A465-41B8-80E0-1803F9D2173A}.Debug|Any CPU.Build.0 = Debug|Any CPU
		{544A1E77-A465-41B8-80E0-1803F9D2173A}.Debug|x64.ActiveCfg = Debug|Any CPU
		{544A1E77-A465-41B8-80E0-1803F9D2173A}.Debug|x64.Build.0 = Debug|Any CPU
		{544A1E77-A465-41B8-80E0-1803F9D2173A}.Debug|x86.ActiveCfg = Debug|Any CPU
		{544A1E77-A465-41B8-80E0-1803F9D2173A}.Debug|x86.Build.0 = Debug|Any CPU
		{544A1E77-A465-41B8-80E0-1803F9D2173A}.Release|Any CPU.ActiveCfg = Release|Any CPU
		{544A1E77-A465-41B8-80E0-1803F9D2173A}.Release|Any CPU.Build.0 = Release|Any CPU
		{544A1E77-A465-41B8-80E0-1803F9D2173A}.Release|x64.ActiveCfg = Release|Any CPU
		{544A1E77-A465-41B8-80E0-1803F9D2173A}.Release|x64.Build.0 = Release|Any CPU
		{544A1E77-A465-41B8-80E0-1803F9D2173A}.Release|x86.ActiveCfg = Release|Any CPU
		{544A1E77-A465-41B8-80E0-1803F9D2173A}.Release|x86.Build.0 = Release|Any CPU
		{CBA50EA9-D161-4C88-A547-80E0FF274B4B}.Debug|Any CPU.ActiveCfg = Debug|Any CPU
		{CBA50EA9-D161-4C88-A547-80E0FF274B4B}.Debug|Any CPU.Build.0 = Debug|Any CPU
		{CBA50EA9-D161-4C88-A547-80E0FF274B4B}.Debug|x64.ActiveCfg = Debug|Any CPU
		{CBA50EA9-D161-4C88-A547-80E0FF274B4B}.Debug|x64.Build.0 = Debug|Any CPU
		{CBA50EA9-D161-4C88-A547-80E0FF274B4B}.Debug|x86.ActiveCfg = Debug|Any CPU
		{CBA50EA9-D161-4C88-A547-80E0FF274B4B}.Debug|x86.Build.0 = Debug|Any CPU
		{CBA50EA9-D161-4C88-A547-80E0FF274B4B}.Release|Any CPU.ActiveCfg = Release|Any CPU
		{CBA50EA9-D161-4C88-A547-80E0FF274B4B}.Release|Any CPU.Build.0 = Release|Any CPU
		{CBA50EA9-D161-4C88-A547-80E0FF274B4B}.Release|x64.ActiveCfg = Release|Any CPU
		{CBA50EA9-D161-4C88-A547-80E0FF274B4B}.Release|x64.Build.0 = Release|Any CPU
		{CBA50EA9-D161-4C88-A547-80E0FF274B4B}.Release|x86.ActiveCfg = Release|Any CPU
		{CBA50EA9-D161-4C88-A547-80E0FF274B4B}.Release|x86.Build.0 = Release|Any CPU
		{3BDB46AB-37FA-4F49-A5A6-780EBAE77EA0}.Debug|Any CPU.ActiveCfg = Debug|Any CPU
		{3BDB46AB-37FA-4F49-A5A6-780EBAE77EA0}.Debug|Any CPU.Build.0 = Debug|Any CPU
		{3BDB46AB-37FA-4F49-A5A6-780EBAE77EA0}.Debug|x64.ActiveCfg = Debug|Any CPU
		{3BDB46AB-37FA-4F49-A5A6-780EBAE77EA0}.Debug|x64.Build.0 = Debug|Any CPU
		{3BDB46AB-37FA-4F49-A5A6-780EBAE77EA0}.Debug|x86.ActiveCfg = Debug|Any CPU
		{3BDB46AB-37FA-4F49-A5A6-780EBAE77EA0}.Debug|x86.Build.0 = Debug|Any CPU
		{3BDB46AB-37FA-4F49-A5A6-780EBAE77EA0}.Release|Any CPU.ActiveCfg = Release|Any CPU
		{3BDB46AB-37FA-4F49-A5A6-780EBAE77EA0}.Release|Any CPU.Build.0 = Release|Any CPU
		{3BDB46AB-37FA-4F49-A5A6-780EBAE77EA0}.Release|x64.ActiveCfg = Release|Any CPU
		{3BDB46AB-37FA-4F49-A5A6-780EBAE77EA0}.Release|x64.Build.0 = Release|Any CPU
		{3BDB46AB-37FA-4F49-A5A6-780EBAE77EA0}.Release|x86.ActiveCfg = Release|Any CPU
		{3BDB46AB-37FA-4F49-A5A6-780EBAE77EA0}.Release|x86.Build.0 = Release|Any CPU
		{0D42C01A-7252-477D-AB50-50AC097B4F77}.Debug|Any CPU.ActiveCfg = Debug|Any CPU
		{0D42C01A-7252-477D-AB50-50AC097B4F77}.Debug|Any CPU.Build.0 = Debug|Any CPU
		{0D42C01A-7252-477D-AB50-50AC097B4F77}.Debug|x64.ActiveCfg = Debug|Any CPU
		{0D42C01A-7252-477D-AB50-50AC097B4F77}.Debug|x64.Build.0 = Debug|Any CPU
		{0D42C01A-7252-477D-AB50-50AC097B4F77}.Debug|x86.ActiveCfg = Debug|Any CPU
		{0D42C01A-7252-477D-AB50-50AC097B4F77}.Debug|x86.Build.0 = Debug|Any CPU
		{0D42C01A-7252-477D-AB50-50AC097B4F77}.Release|Any CPU.ActiveCfg = Release|Any CPU
		{0D42C01A-7252-477D-AB50-50AC097B4F77}.Release|Any CPU.Build.0 = Release|Any CPU
		{0D42C01A-7252-477D-AB50-50AC097B4F77}.Release|x64.ActiveCfg = Release|Any CPU
		{0D42C01A-7252-477D-AB50-50AC097B4F77}.Release|x64.Build.0 = Release|Any CPU
		{0D42C01A-7252-477D-AB50-50AC097B4F77}.Release|x86.ActiveCfg = Release|Any CPU
		{0D42C01A-7252-477D-AB50-50AC097B4F77}.Release|x86.Build.0 = Release|Any CPU
		{3BFD6EA9-F7FE-458B-9B0C-40754D2B6CB0}.Debug|Any CPU.ActiveCfg = Debug|Any CPU
		{3BFD6EA9-F7FE-458B-9B0C-40754D2B6CB0}.Debug|Any CPU.Build.0 = Debug|Any CPU
		{3BFD6EA9-F7FE-458B-9B0C-40754D2B6CB0}.Debug|x64.ActiveCfg = Debug|Any CPU
		{3BFD6EA9-F7FE-458B-9B0C-40754D2B6CB0}.Debug|x64.Build.0 = Debug|Any CPU
		{3BFD6EA9-F7FE-458B-9B0C-40754D2B6CB0}.Debug|x86.ActiveCfg = Debug|Any CPU
		{3BFD6EA9-F7FE-458B-9B0C-40754D2B6CB0}.Debug|x86.Build.0 = Debug|Any CPU
		{3BFD6EA9-F7FE-458B-9B0C-40754D2B6CB0}.Release|Any CPU.ActiveCfg = Release|Any CPU
		{3BFD6EA9-F7FE-458B-9B0C-40754D2B6CB0}.Release|Any CPU.Build.0 = Release|Any CPU
		{3BFD6EA9-F7FE-458B-9B0C-40754D2B6CB0}.Release|x64.ActiveCfg = Release|Any CPU
		{3BFD6EA9-F7FE-458B-9B0C-40754D2B6CB0}.Release|x64.Build.0 = Release|Any CPU
		{3BFD6EA9-F7FE-458B-9B0C-40754D2B6CB0}.Release|x86.ActiveCfg = Release|Any CPU
		{3BFD6EA9-F7FE-458B-9B0C-40754D2B6CB0}.Release|x86.Build.0 = Release|Any CPU
		{994A42CF-32F2-4A84-9AE7-44EA33AC7FB6}.Debug|Any CPU.ActiveCfg = Debug|Any CPU
		{994A42CF-32F2-4A84-9AE7-44EA33AC7FB6}.Debug|Any CPU.Build.0 = Debug|Any CPU
		{994A42CF-32F2-4A84-9AE7-44EA33AC7FB6}.Debug|Any CPU.Deploy.0 = Debug|Any CPU
		{994A42CF-32F2-4A84-9AE7-44EA33AC7FB6}.Debug|x64.ActiveCfg = Debug|Any CPU
		{994A42CF-32F2-4A84-9AE7-44EA33AC7FB6}.Debug|x64.Build.0 = Debug|Any CPU
		{994A42CF-32F2-4A84-9AE7-44EA33AC7FB6}.Debug|x64.Deploy.0 = Debug|Any CPU
		{994A42CF-32F2-4A84-9AE7-44EA33AC7FB6}.Debug|x86.ActiveCfg = Debug|Any CPU
		{994A42CF-32F2-4A84-9AE7-44EA33AC7FB6}.Debug|x86.Build.0 = Debug|Any CPU
		{994A42CF-32F2-4A84-9AE7-44EA33AC7FB6}.Debug|x86.Deploy.0 = Debug|Any CPU
		{994A42CF-32F2-4A84-9AE7-44EA33AC7FB6}.Release|Any CPU.ActiveCfg = Release|Any CPU
		{994A42CF-32F2-4A84-9AE7-44EA33AC7FB6}.Release|Any CPU.Build.0 = Release|Any CPU
		{994A42CF-32F2-4A84-9AE7-44EA33AC7FB6}.Release|Any CPU.Deploy.0 = Release|Any CPU
		{994A42CF-32F2-4A84-9AE7-44EA33AC7FB6}.Release|x64.ActiveCfg = Release|Any CPU
		{994A42CF-32F2-4A84-9AE7-44EA33AC7FB6}.Release|x64.Build.0 = Release|Any CPU
		{994A42CF-32F2-4A84-9AE7-44EA33AC7FB6}.Release|x64.Deploy.0 = Release|Any CPU
		{994A42CF-32F2-4A84-9AE7-44EA33AC7FB6}.Release|x86.ActiveCfg = Release|Any CPU
		{994A42CF-32F2-4A84-9AE7-44EA33AC7FB6}.Release|x86.Build.0 = Release|Any CPU
		{994A42CF-32F2-4A84-9AE7-44EA33AC7FB6}.Release|x86.Deploy.0 = Release|Any CPU
		{49050DFE-64E7-4990-8D0C-9C938453D177}.Debug|Any CPU.ActiveCfg = Debug|Any CPU
		{49050DFE-64E7-4990-8D0C-9C938453D177}.Debug|Any CPU.Build.0 = Debug|Any CPU
		{49050DFE-64E7-4990-8D0C-9C938453D177}.Debug|x64.ActiveCfg = Debug|Any CPU
		{49050DFE-64E7-4990-8D0C-9C938453D177}.Debug|x64.Build.0 = Debug|Any CPU
		{49050DFE-64E7-4990-8D0C-9C938453D177}.Debug|x86.ActiveCfg = Debug|Any CPU
		{49050DFE-64E7-4990-8D0C-9C938453D177}.Debug|x86.Build.0 = Debug|Any CPU
		{49050DFE-64E7-4990-8D0C-9C938453D177}.Release|Any CPU.ActiveCfg = Release|Any CPU
		{49050DFE-64E7-4990-8D0C-9C938453D177}.Release|Any CPU.Build.0 = Release|Any CPU
		{49050DFE-64E7-4990-8D0C-9C938453D177}.Release|x64.ActiveCfg = Release|Any CPU
		{49050DFE-64E7-4990-8D0C-9C938453D177}.Release|x64.Build.0 = Release|Any CPU
		{49050DFE-64E7-4990-8D0C-9C938453D177}.Release|x86.ActiveCfg = Release|Any CPU
		{49050DFE-64E7-4990-8D0C-9C938453D177}.Release|x86.Build.0 = Release|Any CPU
	EndGlobalSection
	GlobalSection(SolutionProperties) = preSolution
		HideSolutionNode = FALSE
	EndGlobalSection
	GlobalSection(ExtensibilityGlobals) = postSolution
		SolutionGuid = {C96E8AEF-2846-43EC-90DD-10536F371D87}
	EndGlobalSection
EndGlobal
